// !$*UTF8*$!
{
	archiveVersion = 1;
	classes = {
	};
	objectVersion = 56;
	objects = {

/* Begin PBXBuildFile section */
		004EC9F729C633B10091C72F /* LoginAndSignUpApp.swift in Sources */ = {isa = PBXBuildFile; fileRef = 004EC9F629C633B10091C72F /* LoginAndSignUpApp.swift */; };
		004EC9F929C633B10091C72F /* ContentView.swift in Sources */ = {isa = PBXBuildFile; fileRef = 004EC9F829C633B10091C72F /* ContentView.swift */; };
		004EC9FB29C633B30091C72F /* Assets.xcassets in Resources */ = {isa = PBXBuildFile; fileRef = 004EC9FA29C633B30091C72F /* Assets.xcassets */; };
		004EC9FE29C633B30091C72F /* Preview Assets.xcassets in Resources */ = {isa = PBXBuildFile; fileRef = 004EC9FD29C633B30091C72F /* Preview Assets.xcassets */; };
		004ECA0729C634620091C72F /* LoginView.swift in Sources */ = {isa = PBXBuildFile; fileRef = 004ECA0629C634620091C72F /* LoginView.swift */; };
		004ECA0929C635110091C72F /* SignupView.swift in Sources */ = {isa = PBXBuildFile; fileRef = 004ECA0829C635110091C72F /* SignupView.swift */; };
		004ECA0B29C6356B0091C72F /* AuthView.swift in Sources */ = {isa = PBXBuildFile; fileRef = 004ECA0A29C6356B0091C72F /* AuthView.swift */; };
		004ECA0D29C635C00091C72F /* String.swift in Sources */ = {isa = PBXBuildFile; fileRef = 004ECA0C29C635C00091C72F /* String.swift */; };
		004ECA1029C638E70091C72F /* FirebaseAuth in Frameworks */ = {isa = PBXBuildFile; productRef = 004ECA0F29C638E70091C72F /* FirebaseAuth */; };
		004ECA1229C638E70091C72F /* FirebaseFirestore in Frameworks */ = {isa = PBXBuildFile; productRef = 004ECA1129C638E70091C72F /* FirebaseFirestore */; };
		004ECA1429C638E70091C72F /* FirebaseFirestoreSwift in Frameworks */ = {isa = PBXBuildFile; productRef = 004ECA1329C638E70091C72F /* FirebaseFirestoreSwift */; };
		004ECA1629C63B600091C72F /* GoogleService-Info.plist in Resources */ = {isa = PBXBuildFile; fileRef = 004ECA1529C63B600091C72F /* GoogleService-Info.plist */; };
/* End PBXBuildFile section */

/* Begin PBXFileReference section */
		004EC9F329C633B10091C72F /* LoginAndSignUp.app */ = {isa = PBXFileReference; explicitFileType = wrapper.application; includeInIndex = 0; path = LoginAndSignUp.app; sourceTree = BUILT_PRODUCTS_DIR; };
		004EC9F629C633B10091C72F /* LoginAndSignUpApp.swift */ = {isa = PBXFileReference; lastKnownFileType = sourcecode.swift; path = LoginAndSignUpApp.swift; sourceTree = "<group>"; };
		004EC9F829C633B10091C72F /* ContentView.swift */ = {isa = PBXFileReference; lastKnownFileType = sourcecode.swift; path = ContentView.swift; sourceTree = "<group>"; };
		004EC9FA29C633B30091C72F /* Assets.xcassets */ = {isa = PBXFileReference; lastKnownFileType = folder.assetcatalog; path = Assets.xcassets; sourceTree = "<group>"; };
		004EC9FD29C633B30091C72F /* Preview Assets.xcassets */ = {isa = PBXFileReference; lastKnownFileType = folder.assetcatalog; path = "Preview Assets.xcassets"; sourceTree = "<group>"; };
		004ECA0629C634620091C72F /* LoginView.swift */ = {isa = PBXFileReference; lastKnownFileType = sourcecode.swift; path = LoginView.swift; sourceTree = "<group>"; };
		004ECA0829C635110091C72F /* SignupView.swift */ = {isa = PBXFileReference; lastKnownFileType = sourcecode.swift; path = SignupView.swift; sourceTree = "<group>"; };
		004ECA0A29C6356B0091C72F /* AuthView.swift */ = {isa = PBXFileReference; lastKnownFileType = sourcecode.swift; path = AuthView.swift; sourceTree = "<group>"; };
		004ECA0C29C635C00091C72F /* String.swift */ = {isa = PBXFileReference; lastKnownFileType = sourcecode.swift; path = String.swift; sourceTree = "<group>"; };
		004ECA1529C63B600091C72F /* GoogleService-Info.plist */ = {isa = PBXFileReference; fileEncoding = 4; lastKnownFileType = text.plist.xml; path = "GoogleService-Info.plist"; sourceTree = "<group>"; };
/* End PBXFileReference section */

/* Begin PBXFrameworksBuildPhase section */
		004EC9F029C633B10091C72F /* Frameworks */ = {
			isa = PBXFrameworksBuildPhase;
			buildActionMask = 2147483647;
			files = (
				004ECA1029C638E70091C72F /* FirebaseAuth in Frameworks */,
				004ECA1229C638E70091C72F /* FirebaseFirestore in Frameworks */,
				004ECA1429C638E70091C72F /* FirebaseFirestoreSwift in Frameworks */,
			);
			runOnlyForDeploymentPostprocessing = 0;
		};
/* End PBXFrameworksBuildPhase section */

/* Begin PBXGroup section */
		004EC9EA29C633B10091C72F = {
			isa = PBXGroup;
			children = (
				004EC9F529C633B10091C72F /* LoginAndSignUp */,
				004EC9F429C633B10091C72F /* Products */,
			);
			sourceTree = "<group>";
		};
		004EC9F429C633B10091C72F /* Products */ = {
			isa = PBXGroup;
			children = (
				004EC9F329C633B10091C72F /* LoginAndSignUp.app */,
			);
			name = Products;
			sourceTree = "<group>";
		};
		004EC9F529C633B10091C72F /* LoginAndSignUp */ = {
			isa = PBXGroup;
			children = (
				004ECA0529C6341F0091C72F /* Extention */,
				004ECA0429C6340C0091C72F /* Views */,
				004EC9F629C633B10091C72F /* LoginAndSignUpApp.swift */,
				004EC9F829C633B10091C72F /* ContentView.swift */,
				004EC9FA29C633B30091C72F /* Assets.xcassets */,
				004EC9FC29C633B30091C72F /* Preview Content */,
			);
			path = LoginAndSignUp;
			sourceTree = "<group>";
		};
		004EC9FC29C633B30091C72F /* Preview Content */ = {
			isa = PBXGroup;
			children = (
				004EC9FD29C633B30091C72F /* Preview Assets.xcassets */,
			);
			path = "Preview Content";
			sourceTree = "<group>";
		};
		004ECA0429C6340C0091C72F /* Views */ = {
			isa = PBXGroup;
			children = (
				004ECA0629C634620091C72F /* LoginView.swift */,
				004ECA0829C635110091C72F /* SignupView.swift */,
				004ECA0A29C6356B0091C72F /* AuthView.swift */,
			);
			path = Views;
			sourceTree = "<group>";
		};
		004ECA0529C6341F0091C72F /* Extention */ = {
			isa = PBXGroup;
			children = (
				004ECA1529C63B600091C72F /* GoogleService-Info.plist */,
				004ECA0C29C635C00091C72F /* String.swift */,
			);
			path = Extention;
			sourceTree = "<group>";
		};
/* End PBXGroup section */

/* Begin PBXNativeTarget section */
		004EC9F229C633B10091C72F /* LoginAndSignUp */ = {
			isa = PBXNativeTarget;
			buildConfigurationList = 004ECA0129C633B30091C72F /* Build configuration list for PBXNativeTarget "LoginAndSignUp" */;
			buildPhases = (
				004EC9EF29C633B10091C72F /* Sources */,
				004EC9F029C633B10091C72F /* Frameworks */,
				004EC9F129C633B10091C72F /* Resources */,
			);
			buildRules = (
			);
			dependencies = (
			);
			name = LoginAndSignUp;
			packageProductDependencies = (
				004ECA0F29C638E70091C72F /* FirebaseAuth */,
				004ECA1129C638E70091C72F /* FirebaseFirestore */,
				004ECA1329C638E70091C72F /* FirebaseFirestoreSwift */,
			);
			productName = LoginAndSignUp;
			productReference = 004EC9F329C633B10091C72F /* LoginAndSignUp.app */;
			productType = "com.apple.product-type.application";
		};
/* End PBXNativeTarget section */

/* Begin PBXProject section */
		004EC9EB29C633B10091C72F /* Project object */ = {
			isa = PBXProject;
			attributes = {
				BuildIndependentTargetsInParallel = 1;
				LastSwiftUpdateCheck = 1400;
				LastUpgradeCheck = 1400;
				TargetAttributes = {
					004EC9F229C633B10091C72F = {
						CreatedOnToolsVersion = 14.0.1;
					};
				};
			};
			buildConfigurationList = 004EC9EE29C633B10091C72F /* Build configuration list for PBXProject "LoginAndSignUp" */;
			compatibilityVersion = "Xcode 14.0";
			developmentRegion = en;
			hasScannedForEncodings = 0;
			knownRegions = (
				en,
				Base,
			);
			mainGroup = 004EC9EA29C633B10091C72F;
			packageReferences = (
				004ECA0E29C638E70091C72F /* XCRemoteSwiftPackageReference "firebase-ios-sdk" */,
			);
			productRefGroup = 004EC9F429C633B10091C72F /* Products */;
			projectDirPath = "";
			projectRoot = "";
			targets = (
				004EC9F229C633B10091C72F /* LoginAndSignUp */,
			);
		};
/* End PBXProject section */

/* Begin PBXResourcesBuildPhase section */
		004EC9F129C633B10091C72F /* Resources */ = {
			isa = PBXResourcesBuildPhase;
			buildActionMask = 2147483647;
			files = (
				004EC9FE29C633B30091C72F /* Preview Assets.xcassets in Resources */,
				004EC9FB29C633B30091C72F /* Assets.xcassets in Resources */,
				004ECA1629C63B600091C72F /* GoogleService-Info.plist in Resources */,
			);
			runOnlyForDeploymentPostprocessing = 0;
		};
/* End PBXResourcesBuildPhase section */

/* Begin PBXSourcesBuildPhase section */
		004EC9EF29C633B10091C72F /* Sources */ = {
			isa = PBXSourcesBuildPhase;
			buildActionMask = 2147483647;
			files = (
				004ECA0D29C635C00091C72F /* String.swift in Sources */,
				004ECA0929C635110091C72F /* SignupView.swift in Sources */,
				004ECA0B29C6356B0091C72F /* AuthView.swift in Sources */,
				004ECA0729C634620091C72F /* LoginView.swift in Sources */,
				004EC9F929C633B10091C72F /* ContentView.swift in Sources */,
				004EC9F729C633B10091C72F /* LoginAndSignUpApp.swift in Sources */,
			);
			runOnlyForDeploymentPostprocessing = 0;
		};
/* End PBXSourcesBuildPhase section */

/* Begin XCBuildConfiguration section */
		004EC9FF29C633B30091C72F /* Debug */ = {
			isa = XCBuildConfiguration;
			buildSettings = {
				ALWAYS_SEARCH_USER_PATHS = NO;
				CLANG_ANALYZER_NONNULL = YES;
				CLANG_ANALYZER_NUMBER_OBJECT_CONVERSION = YES_AGGRESSIVE;
				CLANG_CXX_LANGUAGE_STANDARD = "gnu++20";
				CLANG_ENABLE_MODULES = YES;
				CLANG_ENABLE_OBJC_ARC = YES;
				CLANG_ENABLE_OBJC_WEAK = YES;
				CLANG_WARN_BLOCK_CAPTURE_AUTORELEASING = YES;
				CLANG_WARN_BOOL_CONVERSION = YES;
				CLANG_WARN_COMMA = YES;
				CLANG_WARN_CONSTANT_CONVERSION = YES;
				CLANG_WARN_DEPRECATED_OBJC_IMPLEMENTATIONS = YES;
				CLANG_WARN_DIRECT_OBJC_ISA_USAGE = YES_ERROR;
				CLANG_WARN_DOCUMENTATION_COMMENTS = YES;
				CLANG_WARN_EMPTY_BODY = YES;
				CLANG_WARN_ENUM_CONVERSION = YES;
				CLANG_WARN_INFINITE_RECURSION = YES;
				CLANG_WARN_INT_CONVERSION = YES;
				CLANG_WARN_NON_LITERAL_NULL_CONVERSION = YES;
				CLANG_WARN_OBJC_IMPLICIT_RETAIN_SELF = YES;
				CLANG_WARN_OBJC_LITERAL_CONVERSION = YES;
				CLANG_WARN_OBJC_ROOT_CLASS = YES_ERROR;
				CLANG_WARN_QUOTED_INCLUDE_IN_FRAMEWORK_HEADER = YES;
				CLANG_WARN_RANGE_LOOP_ANALYSIS = YES;
				CLANG_WARN_STRICT_PROTOTYPES = YES;
				CLANG_WARN_SUSPICIOUS_MOVE = YES;
				CLANG_WARN_UNGUARDED_AVAILABILITY = YES_AGGRESSIVE;
				CLANG_WARN_UNREACHABLE_CODE = YES;
				CLANG_WARN__DUPLICATE_METHOD_MATCH = YES;
				COPY_PHASE_STRIP = NO;
				DEBUG_INFORMATION_FORMAT = dwarf;
				ENABLE_STRICT_OBJC_MSGSEND = YES;
				ENABLE_TESTABILITY = YES;
				GCC_C_LANGUAGE_STANDARD = gnu11;
				GCC_DYNAMIC_NO_PIC = NO;
				GCC_NO_COMMON_BLOCKS = YES;
				GCC_OPTIMIZATION_LEVEL = 0;
				GCC_PREPROCESSOR_DEFINITIONS = (
					"DEBUG=1",
					"$(inherited)",
				);
				GCC_WARN_64_TO_32_BIT_CONVERSION = YES;
				GCC_WARN_ABOUT_RETURN_TYPE = YES_ERROR;
				GCC_WARN_UNDECLARED_SELECTOR = YES;
				GCC_WARN_UNINITIALIZED_AUTOS = YES_AGGRESSIVE;
				GCC_WARN_UNUSED_FUNCTION = YES;
				GCC_WARN_UNUSED_VARIABLE = YES;
				IPHONEOS_DEPLOYMENT_TARGET = 16.0;
				MTL_ENABLE_DEBUG_INFO = INCLUDE_SOURCE;
				MTL_FAST_MATH = YES;
				ONLY_ACTIVE_ARCH = YES;
				SDKROOT = iphoneos;
				SWIFT_ACTIVE_COMPILATION_CONDITIONS = DEBUG;
				SWIFT_OPTIMIZATION_LEVEL = "-Onone";
			};
			name = Debug;
		};
		004ECA0029C633B30091C72F /* Release */ = {
			isa = XCBuildConfiguration;
			buildSettings = {
				ALWAYS_SEARCH_USER_PATHS = NO;
				CLANG_ANALYZER_NONNULL = YES;
				CLANG_ANALYZER_NUMBER_OBJECT_CONVERSION = YES_AGGRESSIVE;
				CLANG_CXX_LANGUAGE_STANDARD = "gnu++20";
				CLANG_ENABLE_MODULES = YES;
				CLANG_ENABLE_OBJC_ARC = YES;
				CLANG_ENABLE_OBJC_WEAK = YES;
				CLANG_WARN_BLOCK_CAPTURE_AUTORELEASING = YES;
				CLANG_WARN_BOOL_CONVERSION = YES;
				CLANG_WARN_COMMA = YES;
				CLANG_WARN_CONSTANT_CONVERSION = YES;
				CLANG_WARN_DEPRECATED_OBJC_IMPLEMENTATIONS = YES;
				CLANG_WARN_DIRECT_OBJC_ISA_USAGE = YES_ERROR;
				CLANG_WARN_DOCUMENTATION_COMMENTS = YES;
				CLANG_WARN_EMPTY_BODY = YES;
				CLANG_WARN_ENUM_CONVERSION = YES;
				CLANG_WARN_INFINITE_RECURSION = YES;
				CLANG_WARN_INT_CONVERSION = YES;
				CLANG_WARN_NON_LITERAL_NULL_CONVERSION = YES;
				CLANG_WARN_OBJC_IMPLICIT_RETAIN_SELF = YES;
				CLANG_WARN_OBJC_LITERAL_CONVERSION = YES;
				CLANG_WARN_OBJC_ROOT_CLASS = YES_ERROR;
				CLANG_WARN_QUOTED_INCLUDE_IN_FRAMEWORK_HEADER = YES;
				CLANG_WARN_RANGE_LOOP_ANALYSIS = YES;
				CLANG_WARN_STRICT_PROTOTYPES = YES;
				CLANG_WARN_SUSPICIOUS_MOVE = YES;
				CLANG_WARN_UNGUARDED_AVAILABILITY = YES_AGGRESSIVE;
				CLANG_WARN_UNREACHABLE_CODE = YES;
				CLANG_WARN__DUPLICATE_METHOD_MATCH = YES;
				COPY_PHASE_STRIP = NO;
				DEBUG_INFORMATION_FORMAT = "dwarf-with-dsym";
				ENABLE_NS_ASSERTIONS = NO;
				ENABLE_STRICT_OBJC_MSGSEND = YES;
				GCC_C_LANGUAGE_STANDARD = gnu11;
				GCC_NO_COMMON_BLOCKS = YES;
				GCC_WARN_64_TO_32_BIT_CONVERSION = YES;
				GCC_WARN_ABOUT_RETURN_TYPE = YES_ERROR;
				GCC_WARN_UNDECLARED_SELECTOR = YES;
				GCC_WARN_UNINITIALIZED_AUTOS = YES_AGGRESSIVE;
				GCC_WARN_UNUSED_FUNCTION = YES;
				GCC_WARN_UNUSED_VARIABLE = YES;
				IPHONEOS_DEPLOYMENT_TARGET = 16.0;
				MTL_ENABLE_DEBUG_INFO = NO;
				MTL_FAST_MATH = YES;
				SDKROOT = iphoneos;
				SWIFT_COMPILATION_MODE = wholemodule;
				SWIFT_OPTIMIZATION_LEVEL = "-O";
				VALIDATE_PRODUCT = YES;
			};
			name = Release;
		};
		004ECA0229C633B30091C72F /* Debug */ = {
			isa = XCBuildConfiguration;
			buildSettings = {
				ASSETCATALOG_COMPILER_APPICON_NAME = AppIcon;
				ASSETCATALOG_COMPILER_GLOBAL_ACCENT_COLOR_NAME = AccentColor;
				CODE_SIGN_STYLE = Automatic;
				CURRENT_PROJECT_VERSION = 1;
				DEVELOPMENT_ASSET_PATHS = "\"LoginAndSignUp/Preview Content\"";
				ENABLE_PREVIEWS = YES;
				GENERATE_INFOPLIST_FILE = YES;
				INFOPLIST_KEY_UIApplicationSceneManifest_Generation = YES;
				INFOPLIST_KEY_UIApplicationSupportsIndirectInputEvents = YES;
				INFOPLIST_KEY_UILaunchScreen_Generation = YES;
				INFOPLIST_KEY_UISupportedInterfaceOrientations_iPad = "UIInterfaceOrientationPortrait UIInterfaceOrientationPortraitUpsideDown UIInterfaceOrientationLandscapeLeft UIInterfaceOrientationLandscapeRight";
				INFOPLIST_KEY_UISupportedInterfaceOrientations_iPhone = "UIInterfaceOrientationPortrait UIInterfaceOrientationLandscapeLeft UIInterfaceOrientationLandscapeRight";
				LD_RUNPATH_SEARCH_PATHS = (
					"$(inherited)",
					"@executable_path/Frameworks",
				);
				MARKETING_VERSION = 1.0;
				PRODUCT_BUNDLE_IDENTIFIER = com.keli.LoginAndSignUp;
				PRODUCT_NAME = "$(TARGET_NAME)";
				SWIFT_EMIT_LOC_STRINGS = YES;
				SWIFT_VERSION = 5.0;
				TARGETED_DEVICE_FAMILY = "1,2";
			};
			name = Debug;
		};
		004ECA0329C633B30091C72F /* Release */ = {
			isa = XCBuildConfiguration;
			buildSettings = {
				ASSETCATALOG_COMPILER_APPICON_NAME = AppIcon;
				ASSETCATALOG_COMPILER_GLOBAL_ACCENT_COLOR_NAME = AccentColor;
				CODE_SIGN_STYLE = Automatic;
				CURRENT_PROJECT_VERSION = 1;
				DEVELOPMENT_ASSET_PATHS = "\"LoginAndSignUp/Preview Content\"";
				ENABLE_PREVIEWS = YES;
				GENERATE_INFOPLIST_FILE = YES;
				INFOPLIST_KEY_UIApplicationSceneManifest_Generation = YES;
				INFOPLIST_KEY_UIApplicationSupportsIndirectInputEvents = YES;
				INFOPLIST_KEY_UILaunchScreen_Generation = YES;
				INFOPLIST_KEY_UISupportedInterfaceOrientations_iPad = "UIInterfaceOrientationPortrait UIInterfaceOrientationPortraitUpsideDown UIInterfaceOrientationLandscapeLeft UIInterfaceOrientationLandscapeRight";
				INFOPLIST_KEY_UISupportedInterfaceOrientations_iPhone = "UIInterfaceOrientationPortrait UIInterfaceOrientationLandscapeLeft UIInterfaceOrientationLandscapeRight";
				LD_RUNPATH_SEARCH_PATHS = (
					"$(inherited)",
					"@executable_path/Frameworks",
				);
				MARKETING_VERSION = 1.0;
				PRODUCT_BUNDLE_IDENTIFIER = com.keli.LoginAndSignUp;
				PRODUCT_NAME = "$(TARGET_NAME)";
				SWIFT_EMIT_LOC_STRINGS = YES;
				SWIFT_VERSION = 5.0;
				TARGETED_DEVICE_FAMILY = "1,2";
			};
			name = Release;
		};
/* End XCBuildConfiguration section */

/* Begin XCConfigurationList section */
		004EC9EE29C633B10091C72F /* Build configuration list for PBXProject "LoginAndSignUp" */ = {
			isa = XCConfigurationList;
			buildConfigurations = (
				004EC9FF29C633B30091C72F /* Debug */,
				004ECA0029C633B30091C72F /* Release */,
			);
			defaultConfigurationIsVisible = 0;
			defaultConfigurationName = Release;
		};
		004ECA0129C633B30091C72F /* Build configuration list for PBXNativeTarget "LoginAndSignUp" */ = {
			isa = XCConfigurationList;
			buildConfigurations = (
				004ECA0229C633B30091C72F /* Debug */,
				004ECA0329C633B30091C72F /* Release */,
			);
			defaultConfigurationIsVisible = 0;
			defaultConfigurationName = Release;
		};
/* End XCConfigurationList section */

/* Begin XCRemoteSwiftPackageReference section */
		004ECA0E29C638E70091C72F /* XCRemoteSwiftPackageReference "firebase-ios-sdk" */ = {
			isa = XCRemoteSwiftPackageReference;
			repositoryURL = "https://github.com/firebase/firebase-ios-sdk.git";
			requirement = {
				kind = upToNextMajorVersion;
				minimumVersion = 9.0.0;
			};
		};
/* End XCRemoteSwiftPackageReference section */

/* Begin XCSwiftPackageProductDependency section */
		004ECA0F29C638E70091C72F /* FirebaseAuth */ = {
			isa = XCSwiftPackageProductDependency;
			package = 004ECA0E29C638E70091C72F /* XCRemoteSwiftPackageReference "firebase-ios-sdk" */;
			productName = FirebaseAuth;
		};
		004ECA1129C638E70091C72F /* FirebaseFirestore */ = {
			isa = XCSwiftPackageProductDependency;
			package = 004ECA0E29C638E70091C72F /* XCRemoteSwiftPackageReference "firebase-ios-sdk" */;
			productName = FirebaseFirestore;
		};
		004ECA1329C638E70091C72F /* FirebaseFirestoreSwift */ = {
			isa = XCSwiftPackageProductDependency;
			package = 004ECA0E29C638E70091C72F /* XCRemoteSwiftPackageReference "firebase-ios-sdk" */;
			productName = FirebaseFirestoreSwift;
		};
/* End XCSwiftPackageProductDependency section */
	};
	rootObject = 004EC9EB29C633B10091C72F /* Project object */;
}
